
Microsoft Visual Studio Solution File, Format Version 12.00
# Visual Studio 15
VisualStudioVersion = 15.0.28307.136
MinimumVisualStudioVersion = 10.0.40219.1
Project("{FAE04EC0-301F-11D3-BF4B-00C04F79EFBC}") = "WindowsFormsApp1", "WindowsFormsApp1\WindowsFormsApp1.csproj", "{EB4A9E5A-33F0-4EA2-8AA4-92CC3D7E438F}"
EndProject
Project("{FAE04EC0-301F-11D3-BF4B-00C04F79EFBC}") = "WindowsFormsApp2", "WindowsFormsApp2\WindowsFormsApp2.csproj", "{A1E735EC-5484-4137-9B75-5A1E3C9429CD}"
EndProject
Project("{FAE04EC0-301F-11D3-BF4B-00C04F79EFBC}") = "WindowsFormsApp3", "WindowsFormsApp3\WindowsFormsApp3.csproj", "{3EF29505-B5B1-4295-BC80-7688F9D55BEB}"
EndProject
Global
	GlobalSection(SolutionConfigurationPlatforms) = preSolution
		Debug|Any CPU = Debug|Any CPU
		Release|Any CPU = Release|Any CPU
	EndGlobalSection
	GlobalSection(ProjectConfigurationPlatforms) = postSolution
		{EB4A9E5A-33F0-4EA2-8AA4-92CC3D7E438F}.Debug|Any CPU.ActiveCfg = Debug|Any CPU
		{EB4A9E5A-33F0-4EA2-8AA4-92CC3D7E438F}.Debug|Any CPU.Build.0 = Debug|Any CPU
		{EB4A9E5A-33F0-4EA2-8AA4-92CC3D7E438F}.Release|Any CPU.ActiveCfg = Release|Any CPU
		{EB4A9E5A-33F0-4EA2-8AA4-92CC3D7E438F}.Release|Any CPU.Build.0 = Release|Any CPU
		{A1E735EC-5484-4137-9B75-5A1E3C9429CD}.Debug|Any CPU.ActiveCfg = Debug|Any CPU
		{A1E735EC-5484-4137-9B75-5A1E3C9429CD}.Debug|Any CPU.Build.0 = Debug|Any CPU
		{A1E735EC-5484-4137-9B75-5A1E3C9429CD}.Release|Any CPU.ActiveCfg = Release|Any CPU
		{A1E735EC-5484-4137-9B75-5A1E3C9429CD}.Release|Any CPU.Build.0 = Release|Any CPU
		{3EF29505-B5B1-4295-BC80-7688F9D55BEB}.Debug|Any CPU.ActiveCfg = Debug|Any CPU
		{3EF29505-B5B1-4295-BC80-7688F9D55BEB}.Debug|Any CPU.Build.0 = Debug|Any CPU
		{3EF29505-B5B1-4295-BC80-7688F9D55BEB}.Release|Any CPU.ActiveCfg = Release|Any CPU
		{3EF29505-B5B1-4295-BC80-7688F9D55BEB}.Release|Any CPU.Build.0 = Release|Any CPU
	EndGlobalSection
	GlobalSection(SolutionProperties) = preSolution
		HideSolutionNode = FALSE
	EndGlobalSection
	GlobalSection(ExtensibilityGlobals) = postSolution
		SolutionGuid = {D50A2FE0-4AEA-46D3-87EB-D0D76D85084D}
	EndGlobalSection
EndGlobal
