
Microsoft Visual Studio Solution File, Format Version 12.00
# Visual Studio 15
VisualStudioVersion = 15.0.28307.136
MinimumVisualStudioVersion = 10.0.40219.1
Project("{FAE04EC0-301F-11D3-BF4B-00C04F79EFBC}") = "WindowsFormsApp1", "WindowsFormsApp1\WindowsFormsApp1.csproj", "{2D34E751-52F6-46E1-B0F8-22C80BA06982}"
EndProject
Project("{FAE04EC0-301F-11D3-BF4B-00C04F79EFBC}") = "TouristFirm", "TouristFirm\TouristFirm.csproj", "{BDE787E0-B00B-4EB4-89D3-1320F67A96EC}"
EndProject
Global
	GlobalSection(SolutionConfigurationPlatforms) = preSolution
		Debug|Any CPU = Debug|Any CPU
		Release|Any CPU = Release|Any CPU
	EndGlobalSection
	GlobalSection(ProjectConfigurationPlatforms) = postSolution
		{2D34E751-52F6-46E1-B0F8-22C80BA06982}.Debug|Any CPU.ActiveCfg = Debug|Any CPU
		{2D34E751-52F6-46E1-B0F8-22C80BA06982}.Debug|Any CPU.Build.0 = Debug|Any CPU
		{2D34E751-52F6-46E1-B0F8-22C80BA06982}.Release|Any CPU.ActiveCfg = Release|Any CPU
		{2D34E751-52F6-46E1-B0F8-22C80BA06982}.Release|Any CPU.Build.0 = Release|Any CPU
		{BDE787E0-B00B-4EB4-89D3-1320F67A96EC}.Debug|Any CPU.ActiveCfg = Debug|Any CPU
		{BDE787E0-B00B-4EB4-89D3-1320F67A96EC}.Debug|Any CPU.Build.0 = Debug|Any CPU
		{BDE787E0-B00B-4EB4-89D3-1320F67A96EC}.Release|Any CPU.ActiveCfg = Release|Any CPU
		{BDE787E0-B00B-4EB4-89D3-1320F67A96EC}.Release|Any CPU.Build.0 = Release|Any CPU
	EndGlobalSection
	GlobalSection(SolutionProperties) = preSolution
		HideSolutionNode = FALSE
	EndGlobalSection
	GlobalSection(ExtensibilityGlobals) = postSolution
		SolutionGuid = {28779066-2532-4944-B686-A9B0C00DB20C}
	EndGlobalSection
EndGlobal
